
Microsoft Visual Studio Solution File, Format Version 12.00
# Visual Studio Version 16
VisualStudioVersion = 16.0.29319.158
MinimumVisualStudioVersion = 10.0.40219.1
Project("{2150E333-8FDC-42A3-9474-1A3956D46DE8}") = "Tests", "Tests", "{767AF9D1-1F26-4DE5-9683-979137B38E16}"
EndProject
Project("{2150E333-8FDC-42A3-9474-1A3956D46DE8}") = "Libs", "Libs", "{4B497B9F-27AE-4736-9173-53875BE8BD64}"
EndProject
Project("{9A19103F-16F7-4668-BE54-9A1E7A4F7556}") = "Monik.Client.Base", "src\Monik.Client.Base\Monik.Client.Base.csproj", "{E93EEB9C-498B-483E-8283-4C8E05C4B896}"
EndProject
Project("{9A19103F-16F7-4668-BE54-9A1E7A4F7556}") = "Monik.Client.Azure", "src\Monik.Client.Azure\Monik.Client.Azure.csproj", "{6D93BBCA-6EBA-4D9A-9BCF-B580B5D1FAFE}"
EndProject
Project("{9A19103F-16F7-4668-BE54-9A1E7A4F7556}") = "Monik.Client.SqlQueue", "src\Monik.Client.SqlQueue\Monik.Client.SqlQueue.csproj", "{4495D184-6A06-49EC-8AF2-C3982BF75D61}"
EndProject
Project("{9A19103F-16F7-4668-BE54-9A1E7A4F7556}") = "Monik.Common", "src\Monik.Common\Monik.Common.csproj", "{A82613A9-0773-4BD4-BE3D-39587613EFD3}"
EndProject
Project("{9A19103F-16F7-4668-BE54-9A1E7A4F7556}") = "Monik.Service", "src\Monik.Service\Monik.Service.csproj", "{DB7BDEA7-6BBC-44F0-AFB9-6F7D0B5D46C9}"
EndProject
Project("{9A19103F-16F7-4668-BE54-9A1E7A4F7556}") = "Monik.Test", "tests\Monik.Test\Monik.Test.csproj", "{BBC2DDB9-9986-43AD-8DFB-53A61F7620FF}"
EndProject
Project("{9A19103F-16F7-4668-BE54-9A1E7A4F7556}") = "Monik.TestConsole", "tests\Monik.TestConsole\Monik.TestConsole.csproj", "{ABDED7C4-2E65-4286-8C4B-F37DB7C0DE82}"
EndProject
Project("{9A19103F-16F7-4668-BE54-9A1E7A4F7556}") = "Monik.Client.Azure.Test", "tests\Monik.Client.Azure.Test\Monik.Client.Azure.Test.csproj", "{F8E99792-3FE7-4839-84D5-CE0F08A4733B}"
EndProject
Project("{9A19103F-16F7-4668-BE54-9A1E7A4F7556}") = "Monik.Client.Base.Test", "tests\Monik.Client.Base.Test\Monik.Client.Base.Test.csproj", "{2758F69F-D687-458B-9626-04845849EB92}"
EndProject
Project("{9A19103F-16F7-4668-BE54-9A1E7A4F7556}") = "Monik.Client.RabbitMQ", "src\Monik.Client.RabbitMQ\Monik.Client.RabbitMQ.csproj", "{3CEF6BCE-00F3-4A53-AD91-45F92705D834}"
EndProject
Global
	GlobalSection(SolutionConfigurationPlatforms) = preSolution
		Debug|Any CPU = Debug|Any CPU
		Release|Any CPU = Release|Any CPU
	EndGlobalSection
	GlobalSection(ProjectConfigurationPlatforms) = postSolution
		{E93EEB9C-498B-483E-8283-4C8E05C4B896}.Debug|Any CPU.ActiveCfg = Debug|Any CPU
		{E93EEB9C-498B-483E-8283-4C8E05C4B896}.Debug|Any CPU.Build.0 = Debug|Any CPU
		{E93EEB9C-498B-483E-8283-4C8E05C4B896}.Release|Any CPU.ActiveCfg = Release|Any CPU
		{E93EEB9C-498B-483E-8283-4C8E05C4B896}.Release|Any CPU.Build.0 = Release|Any CPU
		{6D93BBCA-6EBA-4D9A-9BCF-B580B5D1FAFE}.Debug|Any CPU.ActiveCfg = Debug|Any CPU
		{6D93BBCA-6EBA-4D9A-9BCF-B580B5D1FAFE}.Debug|Any CPU.Build.0 = Debug|Any CPU
		{6D93BBCA-6EBA-4D9A-9BCF-B580B5D1FAFE}.Release|Any CPU.ActiveCfg = Release|Any CPU
		{6D93BBCA-6EBA-4D9A-9BCF-B580B5D1FAFE}.Release|Any CPU.Build.0 = Release|Any CPU
		{4495D184-6A06-49EC-8AF2-C3982BF75D61}.Debug|Any CPU.ActiveCfg = Debug|Any CPU
		{4495D184-6A06-49EC-8AF2-C3982BF75D61}.Debug|Any CPU.Build.0 = Debug|Any CPU
		{4495D184-6A06-49EC-8AF2-C3982BF75D61}.Release|Any CPU.ActiveCfg = Release|Any CPU
		{4495D184-6A06-49EC-8AF2-C3982BF75D61}.Release|Any CPU.Build.0 = Release|Any CPU
		{A82613A9-0773-4BD4-BE3D-39587613EFD3}.Debug|Any CPU.ActiveCfg = Debug|Any CPU
		{A82613A9-0773-4BD4-BE3D-39587613EFD3}.Debug|Any CPU.Build.0 = Debug|Any CPU
		{A82613A9-0773-4BD4-BE3D-39587613EFD3}.Release|Any CPU.ActiveCfg = Release|Any CPU
		{A82613A9-0773-4BD4-BE3D-39587613EFD3}.Release|Any CPU.Build.0 = Release|Any CPU
		{DB7BDEA7-6BBC-44F0-AFB9-6F7D0B5D46C9}.Debug|Any CPU.ActiveCfg = Debug|Any CPU
		{DB7BDEA7-6BBC-44F0-AFB9-6F7D0B5D46C9}.Debug|Any CPU.Build.0 = Debug|Any CPU
		{DB7BDEA7-6BBC-44F0-AFB9-6F7D0B5D46C9}.Release|Any CPU.ActiveCfg = Release|Any CPU
		{DB7BDEA7-6BBC-44F0-AFB9-6F7D0B5D46C9}.Release|Any CPU.Build.0 = Release|Any CPU
		{BBC2DDB9-9986-43AD-8DFB-53A61F7620FF}.Debug|Any CPU.ActiveCfg = Debug|Any CPU
		{BBC2DDB9-9986-43AD-8DFB-53A61F7620FF}.Debug|Any CPU.Build.0 = Debug|Any CPU
		{BBC2DDB9-9986-43AD-8DFB-53A61F7620FF}.Release|Any CPU.ActiveCfg = Release|Any CPU
		{BBC2DDB9-9986-43AD-8DFB-53A61F7620FF}.Release|Any CPU.Build.0 = Release|Any CPU
		{ABDED7C4-2E65-4286-8C4B-F37DB7C0DE82}.Debug|Any CPU.ActiveCfg = Debug|Any CPU
		{ABDED7C4-2E65-4286-8C4B-F37DB7C0DE82}.Debug|Any CPU.Build.0 = Debug|Any CPU
		{ABDED7C4-2E65-4286-8C4B-F37DB7C0DE82}.Release|Any CPU.ActiveCfg = Release|Any CPU
		{ABDED7C4-2E65-4286-8C4B-F37DB7C0DE82}.Release|Any CPU.Build.0 = Release|Any CPU
		{F8E99792-3FE7-4839-84D5-CE0F08A4733B}.Debug|Any CPU.ActiveCfg = Debug|Any CPU
		{F8E99792-3FE7-4839-84D5-CE0F08A4733B}.Debug|Any CPU.Build.0 = Debug|Any CPU
		{F8E99792-3FE7-4839-84D5-CE0F08A4733B}.Release|Any CPU.ActiveCfg = Release|Any CPU
		{F8E99792-3FE7-4839-84D5-CE0F08A4733B}.Release|Any CPU.Build.0 = Release|Any CPU
		{2758F69F-D687-458B-9626-04845849EB92}.Debug|Any CPU.ActiveCfg = Debug|Any CPU
		{2758F69F-D687-458B-9626-04845849EB92}.Debug|Any CPU.Build.0 = Debug|Any CPU
		{2758F69F-D687-458B-9626-04845849EB92}.Release|Any CPU.ActiveCfg = Release|Any CPU
		{2758F69F-D687-458B-9626-04845849EB92}.Release|Any CPU.Build.0 = Release|Any CPU
		{3CEF6BCE-00F3-4A53-AD91-45F92705D834}.Debug|Any CPU.ActiveCfg = Debug|Any CPU
		{3CEF6BCE-00F3-4A53-AD91-45F92705D834}.Debug|Any CPU.Build.0 = Debug|Any CPU
		{3CEF6BCE-00F3-4A53-AD91-45F92705D834}.Release|Any CPU.ActiveCfg = Release|Any CPU
		{3CEF6BCE-00F3-4A53-AD91-45F92705D834}.Release|Any CPU.Build.0 = Release|Any CPU
	EndGlobalSection
	GlobalSection(SolutionProperties) = preSolution
		HideSolutionNode = FALSE
	EndGlobalSection
	GlobalSection(NestedProjects) = preSolution
		{E93EEB9C-498B-483E-8283-4C8E05C4B896} = {4B497B9F-27AE-4736-9173-53875BE8BD64}
		{6D93BBCA-6EBA-4D9A-9BCF-B580B5D1FAFE} = {4B497B9F-27AE-4736-9173-53875BE8BD64}
		{4495D184-6A06-49EC-8AF2-C3982BF75D61} = {4B497B9F-27AE-4736-9173-53875BE8BD64}
		{BBC2DDB9-9986-43AD-8DFB-53A61F7620FF} = {767AF9D1-1F26-4DE5-9683-979137B38E16}
		{ABDED7C4-2E65-4286-8C4B-F37DB7C0DE82} = {767AF9D1-1F26-4DE5-9683-979137B38E16}
		{F8E99792-3FE7-4839-84D5-CE0F08A4733B} = {767AF9D1-1F26-4DE5-9683-979137B38E16}
		{2758F69F-D687-458B-9626-04845849EB92} = {767AF9D1-1F26-4DE5-9683-979137B38E16}
		{3CEF6BCE-00F3-4A53-AD91-45F92705D834} = {4B497B9F-27AE-4736-9173-53875BE8BD64}
	EndGlobalSection
	GlobalSection(ExtensibilityGlobals) = postSolution
		SolutionGuid = {EF63EDB2-706A-43E1-9756-34825B871387}
	EndGlobalSection
EndGlobal
