
Microsoft Visual Studio Solution File, Format Version 12.00
# Visual Studio 15
VisualStudioVersion = 15.0.27130.2036
MinimumVisualStudioVersion = 10.0.40219.1
Project("{CC5FD16D-436D-48AD-A40C-5A424C6E3E79}") = "MonikCloud", "MonikCloud\MonikCloud.ccproj", "{4A6DA3F2-5DFD-4055-BD51-31D250387D15}"
EndProject
Project("{FAE04EC0-301F-11D3-BF4B-00C04F79EFBC}") = "MonikWorker", "MonikWorker\MonikWorker.csproj", "{F373F640-6E87-4853-98B3-4B131D88A761}"
EndProject
Project("{FAE04EC0-301F-11D3-BF4B-00C04F79EFBC}") = "Monik.Client.Azure", "Monik.Client.Azure\Monik.Client.Azure.csproj", "{FF0D9AC2-DB23-40ED-8BFD-2F42B406D876}"
EndProject
Project("{FAE04EC0-301F-11D3-BF4B-00C04F79EFBC}") = "Monik.Test", "Monik.Test\Monik.Test.csproj", "{49BB1B73-4F74-4163-9447-3D5155875F61}"
EndProject
Project("{FAE04EC0-301F-11D3-BF4B-00C04F79EFBC}") = "MonikService.Core", "MonikService.Core\MonikService.Core.csproj", "{B59A8A1A-CEAD-474D-A2B5-3A7F6A566DE6}"
EndProject
Project("{FAE04EC0-301F-11D3-BF4B-00C04F79EFBC}") = "MonicWinService", "MonicWinService\MonicWinService.csproj", "{5A7CA176-C7FD-458E-B55A-0054D2A45598}"
EndProject
Project("{FAE04EC0-301F-11D3-BF4B-00C04F79EFBC}") = "MonikTestConsoleGenerator", "MonikTestConsoleGenerator\MonikTestConsoleGenerator.csproj", "{1E0539ED-99B3-4F76-A5D7-2988BED86C10}"
EndProject
Global
	GlobalSection(SolutionConfigurationPlatforms) = preSolution
		Debug|Any CPU = Debug|Any CPU
		Release|Any CPU = Release|Any CPU
	EndGlobalSection
	GlobalSection(ProjectConfigurationPlatforms) = postSolution
		{4A6DA3F2-5DFD-4055-BD51-31D250387D15}.Debug|Any CPU.ActiveCfg = Debug|Any CPU
		{4A6DA3F2-5DFD-4055-BD51-31D250387D15}.Debug|Any CPU.Build.0 = Debug|Any CPU
		{4A6DA3F2-5DFD-4055-BD51-31D250387D15}.Release|Any CPU.ActiveCfg = Release|Any CPU
		{4A6DA3F2-5DFD-4055-BD51-31D250387D15}.Release|Any CPU.Build.0 = Release|Any CPU
		{F373F640-6E87-4853-98B3-4B131D88A761}.Debug|Any CPU.ActiveCfg = Debug|Any CPU
		{F373F640-6E87-4853-98B3-4B131D88A761}.Debug|Any CPU.Build.0 = Debug|Any CPU
		{F373F640-6E87-4853-98B3-4B131D88A761}.Release|Any CPU.ActiveCfg = Release|Any CPU
		{F373F640-6E87-4853-98B3-4B131D88A761}.Release|Any CPU.Build.0 = Release|Any CPU
		{FF0D9AC2-DB23-40ED-8BFD-2F42B406D876}.Debug|Any CPU.ActiveCfg = Debug|Any CPU
		{FF0D9AC2-DB23-40ED-8BFD-2F42B406D876}.Debug|Any CPU.Build.0 = Debug|Any CPU
		{FF0D9AC2-DB23-40ED-8BFD-2F42B406D876}.Release|Any CPU.ActiveCfg = Release|Any CPU
		{FF0D9AC2-DB23-40ED-8BFD-2F42B406D876}.Release|Any CPU.Build.0 = Release|Any CPU
		{49BB1B73-4F74-4163-9447-3D5155875F61}.Debug|Any CPU.ActiveCfg = Debug|Any CPU
		{49BB1B73-4F74-4163-9447-3D5155875F61}.Debug|Any CPU.Build.0 = Debug|Any CPU
		{49BB1B73-4F74-4163-9447-3D5155875F61}.Release|Any CPU.ActiveCfg = Release|Any CPU
		{49BB1B73-4F74-4163-9447-3D5155875F61}.Release|Any CPU.Build.0 = Release|Any CPU
		{B59A8A1A-CEAD-474D-A2B5-3A7F6A566DE6}.Debug|Any CPU.ActiveCfg = Debug|Any CPU
		{B59A8A1A-CEAD-474D-A2B5-3A7F6A566DE6}.Debug|Any CPU.Build.0 = Debug|Any CPU
		{B59A8A1A-CEAD-474D-A2B5-3A7F6A566DE6}.Release|Any CPU.ActiveCfg = Release|Any CPU
		{B59A8A1A-CEAD-474D-A2B5-3A7F6A566DE6}.Release|Any CPU.Build.0 = Release|Any CPU
		{5A7CA176-C7FD-458E-B55A-0054D2A45598}.Debug|Any CPU.ActiveCfg = Debug|Any CPU
		{5A7CA176-C7FD-458E-B55A-0054D2A45598}.Debug|Any CPU.Build.0 = Debug|Any CPU
		{5A7CA176-C7FD-458E-B55A-0054D2A45598}.Release|Any CPU.ActiveCfg = Release|Any CPU
		{5A7CA176-C7FD-458E-B55A-0054D2A45598}.Release|Any CPU.Build.0 = Release|Any CPU
		{1E0539ED-99B3-4F76-A5D7-2988BED86C10}.Debug|Any CPU.ActiveCfg = Debug|Any CPU
		{1E0539ED-99B3-4F76-A5D7-2988BED86C10}.Debug|Any CPU.Build.0 = Debug|Any CPU
		{1E0539ED-99B3-4F76-A5D7-2988BED86C10}.Release|Any CPU.ActiveCfg = Release|Any CPU
		{1E0539ED-99B3-4F76-A5D7-2988BED86C10}.Release|Any CPU.Build.0 = Release|Any CPU
	EndGlobalSection
	GlobalSection(SolutionProperties) = preSolution
		HideSolutionNode = FALSE
	EndGlobalSection
	GlobalSection(ExtensibilityGlobals) = postSolution
		SolutionGuid = {EF63EDB2-706A-43E1-9756-34825B871387}
	EndGlobalSection
	GlobalSection(Performance) = preSolution
		HasPerformanceSessions = true
	EndGlobalSection
EndGlobal
